
Microsoft Visual Studio Solution File, Format Version 12.00
# Visual Studio Version 16
VisualStudioVersion = 16.0.30907.101
MinimumVisualStudioVersion = 10.0.40219.1
Project("{FAE04EC0-301F-11D3-BF4B-00C04F79EFBC}") = "Project", "PPQ\Project.csproj", "{437ED5A2-84AA-469C-9965-15C4F1E817EA}"
EndProject
Global
	GlobalSection(SolutionConfigurationPlatforms) = preSolution
		Debug|Any CPU = Debug|Any CPU
		Release|Any CPU = Release|Any CPU
	EndGlobalSection
	GlobalSection(ProjectConfigurationPlatforms) = postSolution
		{437ED5A2-84AA-469C-9965-15C4F1E817EA}.Debug|Any CPU.ActiveCfg = Debug|Any CPU
		{437ED5A2-84AA-469C-9965-15C4F1E817EA}.Debug|Any CPU.Build.0 = Debug|Any CPU
		{437ED5A2-84AA-469C-9965-15C4F1E817EA}.Release|Any CPU.ActiveCfg = Release|Any CPU
		{437ED5A2-84AA-469C-9965-15C4F1E817EA}.Release|Any CPU.Build.0 = Release|Any CPU
	EndGlobalSection
	GlobalSection(SolutionProperties) = preSolution
		HideSolutionNode = FALSE
	EndGlobalSection
	GlobalSection(ExtensibilityGlobals) = postSolution
		SolutionGuid = {CC392B59-EBBE-49D9-84FC-3F763C679729}
	EndGlobalSection
EndGlobal
